
Microsoft Visual Studio Solution File, Format Version 12.00
# Visual Studio Version 17
VisualStudioVersion = 17.11.35312.102
MinimumVisualStudioVersion = 10.0.40219.1
Project("{FAE04EC0-301F-11D3-BF4B-00C04F79EFBC}") = "SalonPlannerWebApp", "SalonPlannerWebApp.csproj", "{B53A5563-B649-42E0-AE09-24919B4B1245}"
EndProject
Global
	GlobalSection(SolutionConfigurationPlatforms) = preSolution
		Debug|Any CPU = Debug|Any CPU
		Release|Any CPU = Release|Any CPU
	EndGlobalSection
	GlobalSection(ProjectConfigurationPlatforms) = postSolution
		{B53A5563-B649-42E0-AE09-24919B4B1245}.Debug|Any CPU.ActiveCfg = Debug|Any CPU
		{B53A5563-B649-42E0-AE09-24919B4B1245}.Debug|Any CPU.Build.0 = Debug|Any CPU
		{B53A5563-B649-42E0-AE09-24919B4B1245}.Release|Any CPU.ActiveCfg = Release|Any CPU
		{B53A5563-B649-42E0-AE09-24919B4B1245}.Release|Any CPU.Build.0 = Release|Any CPU
	EndGlobalSection
	GlobalSection(SolutionProperties) = preSolution
		HideSolutionNode = FALSE
	EndGlobalSection
	GlobalSection(ExtensibilityGlobals) = postSolution
		SolutionGuid = {87353CF1-C0E2-4EA9-9276-29264C7171E4}
	EndGlobalSection
EndGlobal
